
Microsoft Visual Studio Solution File, Format Version 11.00
# Visual Studio 2010
Project("{FAE04EC0-301F-11D3-BF4B-00C04F79EFBC}") = "UnityEngine.TestRunner", "UnityEngine.TestRunner.csproj", "{46b44d3b-cd50-daec-cf21-311b04a4734b}"
EndProject
Project("{FAE04EC0-301F-11D3-BF4B-00C04F79EFBC}") = "Unity.Mathematics", "Unity.Mathematics.csproj", "{e4d16f3f-5d7e-d681-7966-1daaa9ff9259}"
EndProject
Project("{FAE04EC0-301F-11D3-BF4B-00C04F79EFBC}") = "Unity.InputSystem", "Unity.InputSystem.csproj", "{4e9e4413-26cd-2d9c-fd0f-6f0dd47855d5}"
EndProject
Project("{FAE04EC0-301F-11D3-BF4B-00C04F79EFBC}") = "Unity.2D.Animation.Triangle.Runtime", "Unity.2D.Animation.Triangle.Runtime.csproj", "{e58677a7-7818-3e46-619f-aecb9158f1e4}"
EndProject
Project("{FAE04EC0-301F-11D3-BF4B-00C04F79EFBC}") = "Unity.Timeline", "Unity.Timeline.csproj", "{e42466bc-f16d-fb99-a880-7c4dc52882e0}"
EndProject
Project("{FAE04EC0-301F-11D3-BF4B-00C04F79EFBC}") = "Game", "Game.csproj", "{2fd5862d-5184-884f-cbf8-2488c6182d2a}"
EndProject
Project("{FAE04EC0-301F-11D3-BF4B-00C04F79EFBC}") = "Unity.TextMeshPro", "Unity.TextMeshPro.csproj", "{bb0ca605-081f-fac4-ecf5-065ead619ac9}"
EndProject
Project("{FAE04EC0-301F-11D3-BF4B-00C04F79EFBC}") = "Unity.2D.Animation.Runtime", "Unity.2D.Animation.Runtime.csproj", "{5ae68a22-5b45-44fb-8147-10754f84ed63}"
EndProject
Project("{FAE04EC0-301F-11D3-BF4B-00C04F79EFBC}") = "Unity.2D.IK.Runtime", "Unity.2D.IK.Runtime.csproj", "{7fd12df8-da2f-3fca-da5e-f82505f40e2d}"
EndProject
Project("{FAE04EC0-301F-11D3-BF4B-00C04F79EFBC}") = "ecs", "ecs.csproj", "{986415c7-1422-b109-af24-acbe7af19799}"
EndProject
Project("{FAE04EC0-301F-11D3-BF4B-00C04F79EFBC}") = "Unity.2D.SpriteShape.Runtime", "Unity.2D.SpriteShape.Runtime.csproj", "{996a5b22-4ebf-9a60-7c6e-b8afce8bec14}"
EndProject
Project("{FAE04EC0-301F-11D3-BF4B-00C04F79EFBC}") = "Unity.2D.PixelPerfect", "Unity.2D.PixelPerfect.csproj", "{01711f89-98ed-f059-d2a3-bb4ac28ae00c}"
EndProject
Project("{FAE04EC0-301F-11D3-BF4B-00C04F79EFBC}") = "Unity.2D.Common.Runtime", "Unity.2D.Common.Runtime.csproj", "{23df610b-6b9b-1da9-204e-851fa4bbb39c}"
EndProject
Project("{FAE04EC0-301F-11D3-BF4B-00C04F79EFBC}") = "Unity.InternalAPIEngineBridge.001", "Unity.InternalAPIEngineBridge.001.csproj", "{b49733b5-850d-7b1f-e14b-9ad31f92a763}"
EndProject
Project("{FAE04EC0-301F-11D3-BF4B-00C04F79EFBC}") = "Assembly-CSharp", "Assembly-CSharp.csproj", "{9f16a53e-5974-cd63-8e5c-1e28ff4f7d84}"
EndProject
Project("{FAE04EC0-301F-11D3-BF4B-00C04F79EFBC}") = "Unity.Timeline.Editor", "Unity.Timeline.Editor.csproj", "{02a81fe0-6a13-0481-ac90-c19c18624c92}"
EndProject
Project("{FAE04EC0-301F-11D3-BF4B-00C04F79EFBC}") = "Unity.TextMeshPro.Editor", "Unity.TextMeshPro.Editor.csproj", "{abe31061-c101-0de3-8c4f-b1f1efbf8419}"
EndProject
Project("{FAE04EC0-301F-11D3-BF4B-00C04F79EFBC}") = "Unity.2D.Animation.Editor", "Unity.2D.Animation.Editor.csproj", "{5f1cdf39-20ee-7a71-3a09-d453b1cec514}"
EndProject
Project("{FAE04EC0-301F-11D3-BF4B-00C04F79EFBC}") = "UnityEditor.TestRunner", "UnityEditor.TestRunner.csproj", "{aec9e379-0476-cdfd-6c2a-63eead7c422c}"
EndProject
Project("{FAE04EC0-301F-11D3-BF4B-00C04F79EFBC}") = "Unity.PlasticSCM.Editor", "Unity.PlasticSCM.Editor.csproj", "{9d7819fa-1dae-52f8-5c47-0f1f390c3a31}"
EndProject
Project("{FAE04EC0-301F-11D3-BF4B-00C04F79EFBC}") = "Unity.VisualStudio.Editor", "Unity.VisualStudio.Editor.csproj", "{ee678780-2f55-0042-47cc-428baa6dcd15}"
EndProject
Project("{FAE04EC0-301F-11D3-BF4B-00C04F79EFBC}") = "Unity.2D.Psdimporter.Editor", "Unity.2D.Psdimporter.Editor.csproj", "{9538ac1c-dc70-2412-6f25-e73d42a9809f}"
EndProject
Project("{FAE04EC0-301F-11D3-BF4B-00C04F79EFBC}") = "Unity.2D.SpriteShape.Editor", "Unity.2D.SpriteShape.Editor.csproj", "{0bf7e69f-1790-a205-89c7-b267461a57d6}"
EndProject
Project("{FAE04EC0-301F-11D3-BF4B-00C04F79EFBC}") = "Unity.CollabProxy.Editor", "Unity.CollabProxy.Editor.csproj", "{eafd2a7d-d0b7-b94d-ba3a-446c07404881}"
EndProject
Project("{FAE04EC0-301F-11D3-BF4B-00C04F79EFBC}") = "PsdPlugin", "PsdPlugin.csproj", "{f10a3dc8-8190-a805-17e2-d3aa8d36034b}"
EndProject
Project("{FAE04EC0-301F-11D3-BF4B-00C04F79EFBC}") = "Unity.2D.Path.Editor", "Unity.2D.Path.Editor.csproj", "{ffb344e0-eaae-c994-2fc6-865e90fad3cc}"
EndProject
Project("{FAE04EC0-301F-11D3-BF4B-00C04F79EFBC}") = "Unity.Rider.Editor", "Unity.Rider.Editor.csproj", "{bcc5e159-ca2d-f5a1-2c67-fb65147cab00}"
EndProject
Project("{FAE04EC0-301F-11D3-BF4B-00C04F79EFBC}") = "Unity.2D.IK.Editor", "Unity.2D.IK.Editor.csproj", "{aa89e3a4-38b2-03ac-2f4a-5b677cd011a5}"
EndProject
Project("{FAE04EC0-301F-11D3-BF4B-00C04F79EFBC}") = "Tests", "Tests.csproj", "{532b1866-f187-649f-8851-64ddbc35d5a6}"
EndProject
Project("{FAE04EC0-301F-11D3-BF4B-00C04F79EFBC}") = "Unity.2D.PixelPerfect.Editor", "Unity.2D.PixelPerfect.Editor.csproj", "{527d6aff-bce3-9e19-ac38-b6600b8e73ab}"
EndProject
Project("{FAE04EC0-301F-11D3-BF4B-00C04F79EFBC}") = "Unity.VSCode.Editor", "Unity.VSCode.Editor.csproj", "{69010b53-6107-71fc-271f-c435640699bc}"
EndProject
Project("{FAE04EC0-301F-11D3-BF4B-00C04F79EFBC}") = "Unity.2D.Common.Editor", "Unity.2D.Common.Editor.csproj", "{1e515fef-1d43-065a-41a3-5bb431d1d693}"
EndProject
Project("{FAE04EC0-301F-11D3-BF4B-00C04F79EFBC}") = "Unity.Mathematics.Editor", "Unity.Mathematics.Editor.csproj", "{ef37e1f9-e1fb-c0fc-2f13-263b7a95696e}"
EndProject
Project("{FAE04EC0-301F-11D3-BF4B-00C04F79EFBC}") = "Unity.InternalAPIEditorBridge.001", "Unity.InternalAPIEditorBridge.001.csproj", "{79dddbc8-bee0-02d0-c8ff-5796728924e6}"
EndProject
Global
	GlobalSection(SolutionConfigurationPlatforms) = preSolution
		Debug|Any CPU = Debug|Any CPU
		Release|Any CPU = Release|Any CPU
	EndGlobalSection
	GlobalSection(ProjectConfigurationPlatforms) = postSolution
		{46b44d3b-cd50-daec-cf21-311b04a4734b}.Debug|Any CPU.ActiveCfg = Debug|Any CPU
		{46b44d3b-cd50-daec-cf21-311b04a4734b}.Debug|Any CPU.Build.0 = Debug|Any CPU
		{46b44d3b-cd50-daec-cf21-311b04a4734b}.Release|Any CPU.ActiveCfg = Release|Any CPU
		{46b44d3b-cd50-daec-cf21-311b04a4734b}.Release|Any CPU.Build.0 = Release|Any CPU
		{e4d16f3f-5d7e-d681-7966-1daaa9ff9259}.Debug|Any CPU.ActiveCfg = Debug|Any CPU
		{e4d16f3f-5d7e-d681-7966-1daaa9ff9259}.Debug|Any CPU.Build.0 = Debug|Any CPU
		{e4d16f3f-5d7e-d681-7966-1daaa9ff9259}.Release|Any CPU.ActiveCfg = Release|Any CPU
		{e4d16f3f-5d7e-d681-7966-1daaa9ff9259}.Release|Any CPU.Build.0 = Release|Any CPU
		{4e9e4413-26cd-2d9c-fd0f-6f0dd47855d5}.Debug|Any CPU.ActiveCfg = Debug|Any CPU
		{4e9e4413-26cd-2d9c-fd0f-6f0dd47855d5}.Debug|Any CPU.Build.0 = Debug|Any CPU
		{4e9e4413-26cd-2d9c-fd0f-6f0dd47855d5}.Release|Any CPU.ActiveCfg = Release|Any CPU
		{4e9e4413-26cd-2d9c-fd0f-6f0dd47855d5}.Release|Any CPU.Build.0 = Release|Any CPU
		{e58677a7-7818-3e46-619f-aecb9158f1e4}.Debug|Any CPU.ActiveCfg = Debug|Any CPU
		{e58677a7-7818-3e46-619f-aecb9158f1e4}.Debug|Any CPU.Build.0 = Debug|Any CPU
		{e58677a7-7818-3e46-619f-aecb9158f1e4}.Release|Any CPU.ActiveCfg = Release|Any CPU
		{e58677a7-7818-3e46-619f-aecb9158f1e4}.Release|Any CPU.Build.0 = Release|Any CPU
		{e42466bc-f16d-fb99-a880-7c4dc52882e0}.Debug|Any CPU.ActiveCfg = Debug|Any CPU
		{e42466bc-f16d-fb99-a880-7c4dc52882e0}.Debug|Any CPU.Build.0 = Debug|Any CPU
		{e42466bc-f16d-fb99-a880-7c4dc52882e0}.Release|Any CPU.ActiveCfg = Release|Any CPU
		{e42466bc-f16d-fb99-a880-7c4dc52882e0}.Release|Any CPU.Build.0 = Release|Any CPU
		{2fd5862d-5184-884f-cbf8-2488c6182d2a}.Debug|Any CPU.ActiveCfg = Debug|Any CPU
		{2fd5862d-5184-884f-cbf8-2488c6182d2a}.Debug|Any CPU.Build.0 = Debug|Any CPU
		{2fd5862d-5184-884f-cbf8-2488c6182d2a}.Release|Any CPU.ActiveCfg = Release|Any CPU
		{2fd5862d-5184-884f-cbf8-2488c6182d2a}.Release|Any CPU.Build.0 = Release|Any CPU
		{bb0ca605-081f-fac4-ecf5-065ead619ac9}.Debug|Any CPU.ActiveCfg = Debug|Any CPU
		{bb0ca605-081f-fac4-ecf5-065ead619ac9}.Debug|Any CPU.Build.0 = Debug|Any CPU
		{bb0ca605-081f-fac4-ecf5-065ead619ac9}.Release|Any CPU.ActiveCfg = Release|Any CPU
		{bb0ca605-081f-fac4-ecf5-065ead619ac9}.Release|Any CPU.Build.0 = Release|Any CPU
		{5ae68a22-5b45-44fb-8147-10754f84ed63}.Debug|Any CPU.ActiveCfg = Debug|Any CPU
		{5ae68a22-5b45-44fb-8147-10754f84ed63}.Debug|Any CPU.Build.0 = Debug|Any CPU
		{5ae68a22-5b45-44fb-8147-10754f84ed63}.Release|Any CPU.ActiveCfg = Release|Any CPU
		{5ae68a22-5b45-44fb-8147-10754f84ed63}.Release|Any CPU.Build.0 = Release|Any CPU
		{7fd12df8-da2f-3fca-da5e-f82505f40e2d}.Debug|Any CPU.ActiveCfg = Debug|Any CPU
		{7fd12df8-da2f-3fca-da5e-f82505f40e2d}.Debug|Any CPU.Build.0 = Debug|Any CPU
		{7fd12df8-da2f-3fca-da5e-f82505f40e2d}.Release|Any CPU.ActiveCfg = Release|Any CPU
		{7fd12df8-da2f-3fca-da5e-f82505f40e2d}.Release|Any CPU.Build.0 = Release|Any CPU
		{986415c7-1422-b109-af24-acbe7af19799}.Debug|Any CPU.ActiveCfg = Debug|Any CPU
		{986415c7-1422-b109-af24-acbe7af19799}.Debug|Any CPU.Build.0 = Debug|Any CPU
		{986415c7-1422-b109-af24-acbe7af19799}.Release|Any CPU.ActiveCfg = Release|Any CPU
		{986415c7-1422-b109-af24-acbe7af19799}.Release|Any CPU.Build.0 = Release|Any CPU
		{996a5b22-4ebf-9a60-7c6e-b8afce8bec14}.Debug|Any CPU.ActiveCfg = Debug|Any CPU
		{996a5b22-4ebf-9a60-7c6e-b8afce8bec14}.Debug|Any CPU.Build.0 = Debug|Any CPU
		{996a5b22-4ebf-9a60-7c6e-b8afce8bec14}.Release|Any CPU.ActiveCfg = Release|Any CPU
		{996a5b22-4ebf-9a60-7c6e-b8afce8bec14}.Release|Any CPU.Build.0 = Release|Any CPU
		{01711f89-98ed-f059-d2a3-bb4ac28ae00c}.Debug|Any CPU.ActiveCfg = Debug|Any CPU
		{01711f89-98ed-f059-d2a3-bb4ac28ae00c}.Debug|Any CPU.Build.0 = Debug|Any CPU
		{01711f89-98ed-f059-d2a3-bb4ac28ae00c}.Release|Any CPU.ActiveCfg = Release|Any CPU
		{01711f89-98ed-f059-d2a3-bb4ac28ae00c}.Release|Any CPU.Build.0 = Release|Any CPU
		{23df610b-6b9b-1da9-204e-851fa4bbb39c}.Debug|Any CPU.ActiveCfg = Debug|Any CPU
		{23df610b-6b9b-1da9-204e-851fa4bbb39c}.Debug|Any CPU.Build.0 = Debug|Any CPU
		{23df610b-6b9b-1da9-204e-851fa4bbb39c}.Release|Any CPU.ActiveCfg = Release|Any CPU
		{23df610b-6b9b-1da9-204e-851fa4bbb39c}.Release|Any CPU.Build.0 = Release|Any CPU
		{b49733b5-850d-7b1f-e14b-9ad31f92a763}.Debug|Any CPU.ActiveCfg = Debug|Any CPU
		{b49733b5-850d-7b1f-e14b-9ad31f92a763}.Debug|Any CPU.Build.0 = Debug|Any CPU
		{b49733b5-850d-7b1f-e14b-9ad31f92a763}.Release|Any CPU.ActiveCfg = Release|Any CPU
		{b49733b5-850d-7b1f-e14b-9ad31f92a763}.Release|Any CPU.Build.0 = Release|Any CPU
		{9f16a53e-5974-cd63-8e5c-1e28ff4f7d84}.Debug|Any CPU.ActiveCfg = Debug|Any CPU
		{9f16a53e-5974-cd63-8e5c-1e28ff4f7d84}.Debug|Any CPU.Build.0 = Debug|Any CPU
		{9f16a53e-5974-cd63-8e5c-1e28ff4f7d84}.Release|Any CPU.ActiveCfg = Release|Any CPU
		{9f16a53e-5974-cd63-8e5c-1e28ff4f7d84}.Release|Any CPU.Build.0 = Release|Any CPU
		{02a81fe0-6a13-0481-ac90-c19c18624c92}.Debug|Any CPU.ActiveCfg = Debug|Any CPU
		{02a81fe0-6a13-0481-ac90-c19c18624c92}.Debug|Any CPU.Build.0 = Debug|Any CPU
		{02a81fe0-6a13-0481-ac90-c19c18624c92}.Release|Any CPU.ActiveCfg = Release|Any CPU
		{02a81fe0-6a13-0481-ac90-c19c18624c92}.Release|Any CPU.Build.0 = Release|Any CPU
		{abe31061-c101-0de3-8c4f-b1f1efbf8419}.Debug|Any CPU.ActiveCfg = Debug|Any CPU
		{abe31061-c101-0de3-8c4f-b1f1efbf8419}.Debug|Any CPU.Build.0 = Debug|Any CPU
		{abe31061-c101-0de3-8c4f-b1f1efbf8419}.Release|Any CPU.ActiveCfg = Release|Any CPU
		{abe31061-c101-0de3-8c4f-b1f1efbf8419}.Release|Any CPU.Build.0 = Release|Any CPU
		{5f1cdf39-20ee-7a71-3a09-d453b1cec514}.Debug|Any CPU.ActiveCfg = Debug|Any CPU
		{5f1cdf39-20ee-7a71-3a09-d453b1cec514}.Debug|Any CPU.Build.0 = Debug|Any CPU
		{5f1cdf39-20ee-7a71-3a09-d453b1cec514}.Release|Any CPU.ActiveCfg = Release|Any CPU
		{5f1cdf39-20ee-7a71-3a09-d453b1cec514}.Release|Any CPU.Build.0 = Release|Any CPU
		{aec9e379-0476-cdfd-6c2a-63eead7c422c}.Debug|Any CPU.ActiveCfg = Debug|Any CPU
		{aec9e379-0476-cdfd-6c2a-63eead7c422c}.Debug|Any CPU.Build.0 = Debug|Any CPU
		{aec9e379-0476-cdfd-6c2a-63eead7c422c}.Release|Any CPU.ActiveCfg = Release|Any CPU
		{aec9e379-0476-cdfd-6c2a-63eead7c422c}.Release|Any CPU.Build.0 = Release|Any CPU
		{9d7819fa-1dae-52f8-5c47-0f1f390c3a31}.Debug|Any CPU.ActiveCfg = Debug|Any CPU
		{9d7819fa-1dae-52f8-5c47-0f1f390c3a31}.Debug|Any CPU.Build.0 = Debug|Any CPU
		{9d7819fa-1dae-52f8-5c47-0f1f390c3a31}.Release|Any CPU.ActiveCfg = Release|Any CPU
		{9d7819fa-1dae-52f8-5c47-0f1f390c3a31}.Release|Any CPU.Build.0 = Release|Any CPU
		{ee678780-2f55-0042-47cc-428baa6dcd15}.Debug|Any CPU.ActiveCfg = Debug|Any CPU
		{ee678780-2f55-0042-47cc-428baa6dcd15}.Debug|Any CPU.Build.0 = Debug|Any CPU
		{ee678780-2f55-0042-47cc-428baa6dcd15}.Release|Any CPU.ActiveCfg = Release|Any CPU
		{ee678780-2f55-0042-47cc-428baa6dcd15}.Release|Any CPU.Build.0 = Release|Any CPU
		{9538ac1c-dc70-2412-6f25-e73d42a9809f}.Debug|Any CPU.ActiveCfg = Debug|Any CPU
		{9538ac1c-dc70-2412-6f25-e73d42a9809f}.Debug|Any CPU.Build.0 = Debug|Any CPU
		{9538ac1c-dc70-2412-6f25-e73d42a9809f}.Release|Any CPU.ActiveCfg = Release|Any CPU
		{9538ac1c-dc70-2412-6f25-e73d42a9809f}.Release|Any CPU.Build.0 = Release|Any CPU
		{0bf7e69f-1790-a205-89c7-b267461a57d6}.Debug|Any CPU.ActiveCfg = Debug|Any CPU
		{0bf7e69f-1790-a205-89c7-b267461a57d6}.Debug|Any CPU.Build.0 = Debug|Any CPU
		{0bf7e69f-1790-a205-89c7-b267461a57d6}.Release|Any CPU.ActiveCfg = Release|Any CPU
		{0bf7e69f-1790-a205-89c7-b267461a57d6}.Release|Any CPU.Build.0 = Release|Any CPU
		{eafd2a7d-d0b7-b94d-ba3a-446c07404881}.Debug|Any CPU.ActiveCfg = Debug|Any CPU
		{eafd2a7d-d0b7-b94d-ba3a-446c07404881}.Debug|Any CPU.Build.0 = Debug|Any CPU
		{eafd2a7d-d0b7-b94d-ba3a-446c07404881}.Release|Any CPU.ActiveCfg = Release|Any CPU
		{eafd2a7d-d0b7-b94d-ba3a-446c07404881}.Release|Any CPU.Build.0 = Release|Any CPU
		{f10a3dc8-8190-a805-17e2-d3aa8d36034b}.Debug|Any CPU.ActiveCfg = Debug|Any CPU
		{f10a3dc8-8190-a805-17e2-d3aa8d36034b}.Debug|Any CPU.Build.0 = Debug|Any CPU
		{f10a3dc8-8190-a805-17e2-d3aa8d36034b}.Release|Any CPU.ActiveCfg = Release|Any CPU
		{f10a3dc8-8190-a805-17e2-d3aa8d36034b}.Release|Any CPU.Build.0 = Release|Any CPU
		{ffb344e0-eaae-c994-2fc6-865e90fad3cc}.Debug|Any CPU.ActiveCfg = Debug|Any CPU
		{ffb344e0-eaae-c994-2fc6-865e90fad3cc}.Debug|Any CPU.Build.0 = Debug|Any CPU
		{ffb344e0-eaae-c994-2fc6-865e90fad3cc}.Release|Any CPU.ActiveCfg = Release|Any CPU
		{ffb344e0-eaae-c994-2fc6-865e90fad3cc}.Release|Any CPU.Build.0 = Release|Any CPU
		{bcc5e159-ca2d-f5a1-2c67-fb65147cab00}.Debug|Any CPU.ActiveCfg = Debug|Any CPU
		{bcc5e159-ca2d-f5a1-2c67-fb65147cab00}.Debug|Any CPU.Build.0 = Debug|Any CPU
		{bcc5e159-ca2d-f5a1-2c67-fb65147cab00}.Release|Any CPU.ActiveCfg = Release|Any CPU
		{bcc5e159-ca2d-f5a1-2c67-fb65147cab00}.Release|Any CPU.Build.0 = Release|Any CPU
		{aa89e3a4-38b2-03ac-2f4a-5b677cd011a5}.Debug|Any CPU.ActiveCfg = Debug|Any CPU
		{aa89e3a4-38b2-03ac-2f4a-5b677cd011a5}.Debug|Any CPU.Build.0 = Debug|Any CPU
		{aa89e3a4-38b2-03ac-2f4a-5b677cd011a5}.Release|Any CPU.ActiveCfg = Release|Any CPU
		{aa89e3a4-38b2-03ac-2f4a-5b677cd011a5}.Release|Any CPU.Build.0 = Release|Any CPU
		{532b1866-f187-649f-8851-64ddbc35d5a6}.Debug|Any CPU.ActiveCfg = Debug|Any CPU
		{532b1866-f187-649f-8851-64ddbc35d5a6}.Debug|Any CPU.Build.0 = Debug|Any CPU
		{532b1866-f187-649f-8851-64ddbc35d5a6}.Release|Any CPU.ActiveCfg = Release|Any CPU
		{532b1866-f187-649f-8851-64ddbc35d5a6}.Release|Any CPU.Build.0 = Release|Any CPU
		{527d6aff-bce3-9e19-ac38-b6600b8e73ab}.Debug|Any CPU.ActiveCfg = Debug|Any CPU
		{527d6aff-bce3-9e19-ac38-b6600b8e73ab}.Debug|Any CPU.Build.0 = Debug|Any CPU
		{527d6aff-bce3-9e19-ac38-b6600b8e73ab}.Release|Any CPU.ActiveCfg = Release|Any CPU
		{527d6aff-bce3-9e19-ac38-b6600b8e73ab}.Release|Any CPU.Build.0 = Release|Any CPU
		{69010b53-6107-71fc-271f-c435640699bc}.Debug|Any CPU.ActiveCfg = Debug|Any CPU
		{69010b53-6107-71fc-271f-c435640699bc}.Debug|Any CPU.Build.0 = Debug|Any CPU
		{69010b53-6107-71fc-271f-c435640699bc}.Release|Any CPU.ActiveCfg = Release|Any CPU
		{69010b53-6107-71fc-271f-c435640699bc}.Release|Any CPU.Build.0 = Release|Any CPU
		{1e515fef-1d43-065a-41a3-5bb431d1d693}.Debug|Any CPU.ActiveCfg = Debug|Any CPU
		{1e515fef-1d43-065a-41a3-5bb431d1d693}.Debug|Any CPU.Build.0 = Debug|Any CPU
		{1e515fef-1d43-065a-41a3-5bb431d1d693}.Release|Any CPU.ActiveCfg = Release|Any CPU
		{1e515fef-1d43-065a-41a3-5bb431d1d693}.Release|Any CPU.Build.0 = Release|Any CPU
		{ef37e1f9-e1fb-c0fc-2f13-263b7a95696e}.Debug|Any CPU.ActiveCfg = Debug|Any CPU
		{ef37e1f9-e1fb-c0fc-2f13-263b7a95696e}.Debug|Any CPU.Build.0 = Debug|Any CPU
		{ef37e1f9-e1fb-c0fc-2f13-263b7a95696e}.Release|Any CPU.ActiveCfg = Release|Any CPU
		{ef37e1f9-e1fb-c0fc-2f13-263b7a95696e}.Release|Any CPU.Build.0 = Release|Any CPU
		{79dddbc8-bee0-02d0-c8ff-5796728924e6}.Debug|Any CPU.ActiveCfg = Debug|Any CPU
		{79dddbc8-bee0-02d0-c8ff-5796728924e6}.Debug|Any CPU.Build.0 = Debug|Any CPU
		{79dddbc8-bee0-02d0-c8ff-5796728924e6}.Release|Any CPU.ActiveCfg = Release|Any CPU
		{79dddbc8-bee0-02d0-c8ff-5796728924e6}.Release|Any CPU.Build.0 = Release|Any CPU
	EndGlobalSection
	GlobalSection(SolutionProperties) = preSolution
		HideSolutionNode = FALSE
	EndGlobalSection
EndGlobal
